
Microsoft Visual Studio Solution File, Format Version 12.00
# Visual Studio Version 17
VisualStudioVersion = 17.0.31919.166
MinimumVisualStudioVersion = 10.0.40219.1
Project("{FAE04EC0-301F-11D3-BF4B-00C04F79EFBC}") = "09", "09\09.csproj", "{786E3332-33BA-4E0D-BABC-8BF732630044}"
EndProject
Global
	GlobalSection(SolutionConfigurationPlatforms) = preSolution
		Debug|Any CPU = Debug|Any CPU
		Release|Any CPU = Release|Any CPU
	EndGlobalSection
	GlobalSection(ProjectConfigurationPlatforms) = postSolution
		{786E3332-33BA-4E0D-BABC-8BF732630044}.Debug|Any CPU.ActiveCfg = Debug|Any CPU
		{786E3332-33BA-4E0D-BABC-8BF732630044}.Debug|Any CPU.Build.0 = Debug|Any CPU
		{786E3332-33BA-4E0D-BABC-8BF732630044}.Release|Any CPU.ActiveCfg = Release|Any CPU
		{786E3332-33BA-4E0D-BABC-8BF732630044}.Release|Any CPU.Build.0 = Release|Any CPU
	EndGlobalSection
	GlobalSection(SolutionProperties) = preSolution
		HideSolutionNode = FALSE
	EndGlobalSection
	GlobalSection(ExtensibilityGlobals) = postSolution
		SolutionGuid = {A73B19D9-DFB6-463A-9207-E8642459D259}
	EndGlobalSection
EndGlobal
