
Microsoft Visual Studio Solution File, Format Version 12.00
# Visual Studio Version 17
VisualStudioVersion = 17.0.31919.166
MinimumVisualStudioVersion = 10.0.40219.1
Project("{FAE04EC0-301F-11D3-BF4B-00C04F79EFBC}") = "06", "06\06.csproj", "{69268A2A-330B-45BF-B22E-8C9F85B04756}"
EndProject
Global
	GlobalSection(SolutionConfigurationPlatforms) = preSolution
		Debug|Any CPU = Debug|Any CPU
		Release|Any CPU = Release|Any CPU
	EndGlobalSection
	GlobalSection(ProjectConfigurationPlatforms) = postSolution
		{69268A2A-330B-45BF-B22E-8C9F85B04756}.Debug|Any CPU.ActiveCfg = Debug|Any CPU
		{69268A2A-330B-45BF-B22E-8C9F85B04756}.Debug|Any CPU.Build.0 = Debug|Any CPU
		{69268A2A-330B-45BF-B22E-8C9F85B04756}.Release|Any CPU.ActiveCfg = Release|Any CPU
		{69268A2A-330B-45BF-B22E-8C9F85B04756}.Release|Any CPU.Build.0 = Release|Any CPU
	EndGlobalSection
	GlobalSection(SolutionProperties) = preSolution
		HideSolutionNode = FALSE
	EndGlobalSection
	GlobalSection(ExtensibilityGlobals) = postSolution
		SolutionGuid = {CFED813F-9553-4FB2-A6D7-A2A1B1D5073B}
	EndGlobalSection
EndGlobal
