
Microsoft Visual Studio Solution File, Format Version 12.00
# Visual Studio Version 17
VisualStudioVersion = 17.0.31919.166
MinimumVisualStudioVersion = 10.0.40219.1
Project("{FAE04EC0-301F-11D3-BF4B-00C04F79EFBC}") = "01", "01\01.csproj", "{86B72618-3E33-4898-9CD4-B46CB4430772}"
EndProject
Global
	GlobalSection(SolutionConfigurationPlatforms) = preSolution
		Debug|Any CPU = Debug|Any CPU
		Release|Any CPU = Release|Any CPU
	EndGlobalSection
	GlobalSection(ProjectConfigurationPlatforms) = postSolution
		{86B72618-3E33-4898-9CD4-B46CB4430772}.Debug|Any CPU.ActiveCfg = Debug|Any CPU
		{86B72618-3E33-4898-9CD4-B46CB4430772}.Debug|Any CPU.Build.0 = Debug|Any CPU
		{86B72618-3E33-4898-9CD4-B46CB4430772}.Release|Any CPU.ActiveCfg = Release|Any CPU
		{86B72618-3E33-4898-9CD4-B46CB4430772}.Release|Any CPU.Build.0 = Release|Any CPU
	EndGlobalSection
	GlobalSection(SolutionProperties) = preSolution
		HideSolutionNode = FALSE
	EndGlobalSection
	GlobalSection(ExtensibilityGlobals) = postSolution
		SolutionGuid = {ED8B6034-A3DA-4339-8FF6-6194AA271363}
	EndGlobalSection
EndGlobal
